
Microsoft Visual Studio Solution File, Format Version 12.00
# Visual Studio Version 17
VisualStudioVersion = 17.4.33213.308
MinimumVisualStudioVersion = 10.0.40219.1
Project("{FAE04EC0-301F-11D3-BF4B-00C04F79EFBC}") = "TMS_Lesson3", "TMS_Lesson3\TMS_Lesson3.csproj", "{016BC4BB-93E9-4729-9671-AE4B1B56BE0C}"
EndProject
Global
	GlobalSection(SolutionConfigurationPlatforms) = preSolution
		Debug|Any CPU = Debug|Any CPU
		Release|Any CPU = Release|Any CPU
	EndGlobalSection
	GlobalSection(ProjectConfigurationPlatforms) = postSolution
		{016BC4BB-93E9-4729-9671-AE4B1B56BE0C}.Debug|Any CPU.ActiveCfg = Debug|Any CPU
		{016BC4BB-93E9-4729-9671-AE4B1B56BE0C}.Debug|Any CPU.Build.0 = Debug|Any CPU
		{016BC4BB-93E9-4729-9671-AE4B1B56BE0C}.Release|Any CPU.ActiveCfg = Release|Any CPU
		{016BC4BB-93E9-4729-9671-AE4B1B56BE0C}.Release|Any CPU.Build.0 = Release|Any CPU
	EndGlobalSection
	GlobalSection(SolutionProperties) = preSolution
		HideSolutionNode = FALSE
	EndGlobalSection
	GlobalSection(ExtensibilityGlobals) = postSolution
		SolutionGuid = {707A3965-050F-411F-9938-42E661164A5A}
	EndGlobalSection
EndGlobal
